
Microsoft Visual Studio Solution File, Format Version 12.00
# Visual Studio Version 17
VisualStudioVersion = 17.0.31912.275
MinimumVisualStudioVersion = 10.0.40219.1
Project("{FAE04EC0-301F-11D3-BF4B-00C04F79EFBC}") = "LineComparisonProblem", "LineComparisonProblem.csproj", "{35B75A85-FDE8-4510-99C6-80F18B160254}"
EndProject
Global
	GlobalSection(SolutionConfigurationPlatforms) = preSolution
		Debug|Any CPU = Debug|Any CPU
		Release|Any CPU = Release|Any CPU
	EndGlobalSection
	GlobalSection(ProjectConfigurationPlatforms) = postSolution
		{35B75A85-FDE8-4510-99C6-80F18B160254}.Debug|Any CPU.ActiveCfg = Debug|Any CPU
		{35B75A85-FDE8-4510-99C6-80F18B160254}.Debug|Any CPU.Build.0 = Debug|Any CPU
		{35B75A85-FDE8-4510-99C6-80F18B160254}.Release|Any CPU.ActiveCfg = Release|Any CPU
		{35B75A85-FDE8-4510-99C6-80F18B160254}.Release|Any CPU.Build.0 = Release|Any CPU
	EndGlobalSection
	GlobalSection(SolutionProperties) = preSolution
		HideSolutionNode = FALSE
	EndGlobalSection
	GlobalSection(ExtensibilityGlobals) = postSolution
		SolutionGuid = {B4E2BE7A-71B6-4D27-970D-233BA9B10903}
	EndGlobalSection
EndGlobal
