
Microsoft Visual Studio Solution File, Format Version 12.00
# Visual Studio Version 17
VisualStudioVersion = 17.0.31912.275
MinimumVisualStudioVersion = 10.0.40219.1
Project("{FAE04EC0-301F-11D3-BF4B-00C04F79EFBC}") = "LineCompare", "LineCompare.csproj", "{DFBA1DF0-A347-4AC9-8120-214AD815AF9D}"
EndProject
Global
	GlobalSection(SolutionConfigurationPlatforms) = preSolution
		Debug|Any CPU = Debug|Any CPU
		Release|Any CPU = Release|Any CPU
	EndGlobalSection
	GlobalSection(ProjectConfigurationPlatforms) = postSolution
		{DFBA1DF0-A347-4AC9-8120-214AD815AF9D}.Debug|Any CPU.ActiveCfg = Debug|Any CPU
		{DFBA1DF0-A347-4AC9-8120-214AD815AF9D}.Debug|Any CPU.Build.0 = Debug|Any CPU
		{DFBA1DF0-A347-4AC9-8120-214AD815AF9D}.Release|Any CPU.ActiveCfg = Release|Any CPU
		{DFBA1DF0-A347-4AC9-8120-214AD815AF9D}.Release|Any CPU.Build.0 = Release|Any CPU
	EndGlobalSection
	GlobalSection(SolutionProperties) = preSolution
		HideSolutionNode = FALSE
	EndGlobalSection
	GlobalSection(ExtensibilityGlobals) = postSolution
		SolutionGuid = {B1DD8113-A483-469C-AEE4-F2EE84D38F1E}
	EndGlobalSection
EndGlobal
